// !$*UTF8*$!
{
	archiveVersion = 1;
	classes = {
	};
	objectVersion = 90;
	objects = {

/* Begin PBXContainerItemProxy section */
		69424C4B2F11666B0072A033 /* PBXContainerItemProxy */ = {
			isa = PBXContainerItemProxy;
			containerPortal = 69424C352F1166690072A033 /* Project object */;
			proxyType = 1;
			remoteGlobalIDString = 69424C3C2F1166690072A033;
			remoteInfo = bezdna;
		};
		69424C552F11666B0072A033 /* PBXContainerItemProxy */ = {
			isa = PBXContainerItemProxy;
			containerPortal = 69424C352F1166690072A033 /* Project object */;
			proxyType = 1;
			remoteGlobalIDString = 69424C3C2F1166690072A033;
			remoteInfo = bezdna;
		};
/* End PBXContainerItemProxy section */

/* Begin PBXFileReference section */
		69424C3D2F1166690072A033 /* bezdna.app */ = {isa = PBXFileReference; explicitFileType = wrapper.application; includeInIndex = 0; path = bezdna.app; sourceTree = BUILT_PRODUCTS_DIR; };
		69424C4A2F11666B0072A033 /* bezdnaTests.xctest */ = {isa = PBXFileReference; explicitFileType = wrapper.cfbundle; includeInIndex = 0; path = bezdnaTests.xctest; sourceTree = BUILT_PRODUCTS_DIR; };
		69424C542F11666B0072A033 /* bezdnaUITests.xctest */ = {isa = PBXFileReference; explicitFileType = wrapper.cfbundle; includeInIndex = 0; path = bezdnaUITests.xctest; sourceTree = BUILT_PRODUCTS_DIR; };
/* End PBXFileReference section */

/* Begin PBXFileSystemSynchronizedRootGroup section */
		69424C3F2F1166690072A033 /* bezdna */ = {
			isa = PBXFileSystemSynchronizedRootGroup;
			path = bezdna;
			sourceTree = "<group>";
		};
		69424C4D2F11666B0072A033 /* bezdnaTests */ = {
			isa = PBXFileSystemSynchronizedRootGroup;
			path = bezdnaTests;
			sourceTree = "<group>";
		};
		69424C572F11666B0072A033 /* bezdnaUITests */ = {
			isa = PBXFileSystemSynchronizedRootGroup;
			path = bezdnaUITests;
			sourceTree = "<group>";
		};
/* End PBXFileSystemSynchronizedRootGroup section */

/* Begin PBXFrameworksBuildPhase section */
		69424C3A2F1166690072A033 /* Frameworks */ = {
			isa = PBXFrameworksBuildPhase;
			files = (
			);
		};
		69424C472F11666B0072A033 /* Frameworks */ = {
			isa = PBXFrameworksBuildPhase;
			files = (
			);
		};
		69424C512F11666B0072A033 /* Frameworks */ = {
			isa = PBXFrameworksBuildPhase;
			files = (
			);
		};
/* End PBXFrameworksBuildPhase section */

/* Begin PBXGroup section */
		69424C342F1166690072A033 = {
			isa = PBXGroup;
			children = (
				69424C3F2F1166690072A033 /* bezdna */,
				69424C4D2F11666B0072A033 /* bezdnaTests */,
				69424C572F11666B0072A033 /* bezdnaUITests */,
				69424C3E2F1166690072A033 /* Products */,
			);
			indentWidth = 2;
			sourceTree = "<group>";
		};
		69424C3E2F1166690072A033 /* Products */ = {
			isa = PBXGroup;
			children = (
				69424C3D2F1166690072A033 /* bezdna.app */,
				69424C4A2F11666B0072A033 /* bezdnaTests.xctest */,
				69424C542F11666B0072A033 /* bezdnaUITests.xctest */,
			);
			name = Products;
			sourceTree = "<group>";
		};
/* End PBXGroup section */

/* Begin PBXNativeTarget section */
		69424C3C2F1166690072A033 /* bezdna */ = {
			isa = PBXNativeTarget;
			buildConfigurationList = 69424C5E2F11666B0072A033 /* Build configuration list for PBXNativeTarget "bezdna" */;
			buildPhases = (
				69424C392F1166690072A033 /* Sources */,
				69424C3A2F1166690072A033 /* Frameworks */,
				69424C3B2F1166690072A033 /* Resources */,
			);
			buildRules = (
			);
			fileSystemSynchronizedGroups = (
				69424C3F2F1166690072A033 /* bezdna */,
			);
			name = bezdna;
			productName = bezdna;
			productReference = 69424C3D2F1166690072A033 /* bezdna.app */;
			productType = "com.apple.product-type.application";
		};
		69424C492F11666B0072A033 /* bezdnaTests */ = {
			isa = PBXNativeTarget;
			buildConfigurationList = 69424C612F11666B0072A033 /* Build configuration list for PBXNativeTarget "bezdnaTests" */;
			buildPhases = (
				69424C462F11666B0072A033 /* Sources */,
				69424C472F11666B0072A033 /* Frameworks */,
				69424C482F11666B0072A033 /* Resources */,
			);
			buildRules = (
			);
			dependencies = (
				69424C4C2F11666B0072A033 /* PBXTargetDependency */,
			);
			fileSystemSynchronizedGroups = (
				69424C4D2F11666B0072A033 /* bezdnaTests */,
			);
			name = bezdnaTests;
			productName = bezdnaTests;
			productReference = 69424C4A2F11666B0072A033 /* bezdnaTests.xctest */;
			productType = "com.apple.product-type.bundle.unit-test";
		};
		69424C532F11666B0072A033 /* bezdnaUITests */ = {
			isa = PBXNativeTarget;
			buildConfigurationList = 69424C642F11666B0072A033 /* Build configuration list for PBXNativeTarget "bezdnaUITests" */;
			buildPhases = (
				69424C502F11666B0072A033 /* Sources */,
				69424C512F11666B0072A033 /* Frameworks */,
				69424C522F11666B0072A033 /* Resources */,
			);
			buildRules = (
			);
			dependencies = (
				69424C562F11666B0072A033 /* PBXTargetDependency */,
			);
			fileSystemSynchronizedGroups = (
				69424C572F11666B0072A033 /* bezdnaUITests */,
			);
			name = bezdnaUITests;
			productName = bezdnaUITests;
			productReference = 69424C542F11666B0072A033 /* bezdnaUITests.xctest */;
			productType = "com.apple.product-type.bundle.ui-testing";
		};
/* End PBXNativeTarget section */

/* Begin PBXProject section */
		69424C352F1166690072A033 /* Project object */ = {
			isa = PBXProject;
			attributes = {
				BuildIndependentTargetsInParallel = 1;
				LastSwiftUpdateCheck = 2620;
				LastUpgradeCheck = 2620;
				ORGANIZATIONNAME = "";
				TargetAttributes = {
					69424C3C2F1166690072A033 = {
						CreatedOnToolsVersion = 26.2;
					};
					69424C492F11666B0072A033 = {
						CreatedOnToolsVersion = 26.2;
						TestTargetID = 69424C3C2F1166690072A033;
					};
					69424C532F11666B0072A033 = {
						CreatedOnToolsVersion = 26.2;
						TestTargetID = 69424C3C2F1166690072A033;
					};
				};
			};
			buildConfigurationList = 69424C382F1166690072A033 /* Build configuration list for PBXProject "bezdna" */;
			developmentRegion = en;
			hasScannedForEncodings = 0;
			knownRegions = (
				en,
				Base,
			);
			mainGroup = 69424C342F1166690072A033;
			minimizedProjectReferenceProxies = 1;
			preferredProjectObjectVersion = 90;
			productRefGroup = 69424C3E2F1166690072A033 /* Products */;
			projectDirPath = "";
			projectRoot = "";
			targets = (
				69424C3C2F1166690072A033 /* bezdna */,
				69424C492F11666B0072A033 /* bezdnaTests */,
				69424C532F11666B0072A033 /* bezdnaUITests */,
			);
		};
/* End PBXProject section */

/* Begin PBXResourcesBuildPhase section */
		69424C3B2F1166690072A033 /* Resources */ = {
			isa = PBXResourcesBuildPhase;
			files = (
			);
		};
		69424C482F11666B0072A033 /* Resources */ = {
			isa = PBXResourcesBuildPhase;
			files = (
			);
		};
		69424C522F11666B0072A033 /* Resources */ = {
			isa = PBXResourcesBuildPhase;
			files = (
			);
		};
/* End PBXResourcesBuildPhase section */

/* Begin PBXSourcesBuildPhase section */
		69424C392F1166690072A033 /* Sources */ = {
			isa = PBXSourcesBuildPhase;
			files = (
			);
		};
		69424C462F11666B0072A033 /* Sources */ = {
			isa = PBXSourcesBuildPhase;
			files = (
			);
		};
		69424C502F11666B0072A033 /* Sources */ = {
			isa = PBXSourcesBuildPhase;
			files = (
			);
		};
/* End PBXSourcesBuildPhase section */

/* Begin PBXTargetDependency section */
		69424C4C2F11666B0072A033 /* PBXTargetDependency */ = {
			isa = PBXTargetDependency;
			target = 69424C3C2F1166690072A033 /* bezdna */;
			targetProxy = 69424C4B2F11666B0072A033 /* PBXContainerItemProxy */;
		};
		69424C562F11666B0072A033 /* PBXTargetDependency */ = {
			isa = PBXTargetDependency;
			target = 69424C3C2F1166690072A033 /* bezdna */;
			targetProxy = 69424C552F11666B0072A033 /* PBXContainerItemProxy */;
		};
/* End PBXTargetDependency section */

/* Begin XCBuildConfiguration section */
		69424C5C2F11666B0072A033 /* Debug configuration for PBXProject "bezdna" */ = {
			isa = XCBuildConfiguration;
			buildSettings = {
				ALWAYS_SEARCH_USER_PATHS = NO;
				ASSETCATALOG_COMPILER_GENERATE_SWIFT_ASSET_SYMBOL_EXTENSIONS = YES;
				CLANG_ANALYZER_NONNULL = YES;
				CLANG_ANALYZER_NUMBER_OBJECT_CONVERSION = YES_AGGRESSIVE;
				CLANG_CXX_LANGUAGE_STANDARD = "gnu++20";
				CLANG_ENABLE_MODULES = YES;
				CLANG_ENABLE_OBJC_ARC = YES;
				CLANG_ENABLE_OBJC_WEAK = YES;
				CLANG_WARN_BLOCK_CAPTURE_AUTORELEASING = YES;
				CLANG_WARN_BOOL_CONVERSION = YES;
				CLANG_WARN_COMMA = YES;
				CLANG_WARN_CONSTANT_CONVERSION = YES;
				CLANG_WARN_DEPRECATED_OBJC_IMPLEMENTATIONS = YES;
				CLANG_WARN_DIRECT_OBJC_ISA_USAGE = YES_ERROR;
				CLANG_WARN_DOCUMENTATION_COMMENTS = YES;
				CLANG_WARN_EMPTY_BODY = YES;
				CLANG_WARN_ENUM_CONVERSION = YES;
				CLANG_WARN_INFINITE_RECURSION = YES;
				CLANG_WARN_INT_CONVERSION = YES;
				CLANG_WARN_NON_LITERAL_NULL_CONVERSION = YES;
				CLANG_WARN_OBJC_IMPLICIT_RETAIN_SELF = YES;
				CLANG_WARN_OBJC_LITERAL_CONVERSION = YES;
				CLANG_WARN_OBJC_ROOT_CLASS = YES_ERROR;
				CLANG_WARN_QUOTED_INCLUDE_IN_FRAMEWORK_HEADER = YES;
				CLANG_WARN_RANGE_LOOP_ANALYSIS = YES;
				CLANG_WARN_STRICT_PROTOTYPES = YES;
				CLANG_WARN_SUSPICIOUS_MOVE = YES;
				CLANG_WARN_UNGUARDED_AVAILABILITY = YES_AGGRESSIVE;
				CLANG_WARN_UNREACHABLE_CODE = YES;
				CLANG_WARN__DUPLICATE_METHOD_MATCH = YES;
				COPY_PHASE_STRIP = NO;
				DEBUG_INFORMATION_FORMAT = dwarf;
				DEVELOPMENT_TEAM = V83UBNBP3G;
				ENABLE_STRICT_OBJC_MSGSEND = YES;
				ENABLE_TESTABILITY = YES;
				ENABLE_USER_SCRIPT_SANDBOXING = YES;
				GCC_C_LANGUAGE_STANDARD = gnu17;
				GCC_DYNAMIC_NO_PIC = NO;
				GCC_NO_COMMON_BLOCKS = YES;
				GCC_OPTIMIZATION_LEVEL = 0;
				GCC_PREPROCESSOR_DEFINITIONS = (
					"DEBUG=1",
					"$(inherited)",
				);
				GCC_WARN_64_TO_32_BIT_CONVERSION = YES;
				GCC_WARN_ABOUT_RETURN_TYPE = YES_ERROR;
				GCC_WARN_UNDECLARED_SELECTOR = YES;
				GCC_WARN_UNINITIALIZED_AUTOS = YES_AGGRESSIVE;
				GCC_WARN_UNUSED_FUNCTION = YES;
				GCC_WARN_UNUSED_VARIABLE = YES;
				IPHONEOS_DEPLOYMENT_TARGET = 26.2;
				LOCALIZATION_PREFERS_STRING_CATALOGS = YES;
				MTL_ENABLE_DEBUG_INFO = INCLUDE_SOURCE;
				MTL_FAST_MATH = YES;
				ONLY_ACTIVE_ARCH = YES;
				SDKROOT = iphoneos;
				SWIFT_ACTIVE_COMPILATION_CONDITIONS = "DEBUG $(inherited)";
				SWIFT_OPTIMIZATION_LEVEL = "-Onone";
			};
			name = Debug;
		};
		69424C5D2F11666B0072A033 /* Release configuration for PBXProject "bezdna" */ = {
			isa = XCBuildConfiguration;
			buildSettings = {
				ALWAYS_SEARCH_USER_PATHS = NO;
				ASSETCATALOG_COMPILER_GENERATE_SWIFT_ASSET_SYMBOL_EXTENSIONS = YES;
				CLANG_ANALYZER_NONNULL = YES;
				CLANG_ANALYZER_NUMBER_OBJECT_CONVERSION = YES_AGGRESSIVE;
				CLANG_CXX_LANGUAGE_STANDARD = "gnu++20";
				CLANG_ENABLE_MODULES = YES;
				CLANG_ENABLE_OBJC_ARC = YES;
				CLANG_ENABLE_OBJC_WEAK = YES;
				CLANG_WARN_BLOCK_CAPTURE_AUTORELEASING = YES;
				CLANG_WARN_BOOL_CONVERSION = YES;
				CLANG_WARN_COMMA = YES;
				CLANG_WARN_CONSTANT_CONVERSION = YES;
				CLANG_WARN_DEPRECATED_OBJC_IMPLEMENTATIONS = YES;
				CLANG_WARN_DIRECT_OBJC_ISA_USAGE = YES_ERROR;
				CLANG_WARN_DOCUMENTATION_COMMENTS = YES;
				CLANG_WARN_EMPTY_BODY = YES;
				CLANG_WARN_ENUM_CONVERSION = YES;
				CLANG_WARN_INFINITE_RECURSION = YES;
				CLANG_WARN_INT_CONVERSION = YES;
				CLANG_WARN_NON_LITERAL_NULL_CONVERSION = YES;
				CLANG_WARN_OBJC_IMPLICIT_RETAIN_SELF = YES;
				CLANG_WARN_OBJC_LITERAL_CONVERSION = YES;
				CLANG_WARN_OBJC_ROOT_CLASS = YES_ERROR;
				CLANG_WARN_QUOTED_INCLUDE_IN_FRAMEWORK_HEADER = YES;
				CLANG_WARN_RANGE_LOOP_ANALYSIS = YES;
				CLANG_WARN_STRICT_PROTOTYPES = YES;
				CLANG_WARN_SUSPICIOUS_MOVE = YES;
				CLANG_WARN_UNGUARDED_AVAILABILITY = YES_AGGRESSIVE;
				CLANG_WARN_UNREACHABLE_CODE = YES;
				CLANG_WARN__DUPLICATE_METHOD_MATCH = YES;
				COPY_PHASE_STRIP = NO;
				DEBUG_INFORMATION_FORMAT = "dwarf-with-dsym";
				DEVELOPMENT_TEAM = V83UBNBP3G;
				ENABLE_NS_ASSERTIONS = NO;
				ENABLE_STRICT_OBJC_MSGSEND = YES;
				ENABLE_USER_SCRIPT_SANDBOXING = YES;
				GCC_C_LANGUAGE_STANDARD = gnu17;
				GCC_NO_COMMON_BLOCKS = YES;
				GCC_WARN_64_TO_32_BIT_CONVERSION = YES;
				GCC_WARN_ABOUT_RETURN_TYPE = YES_ERROR;
				GCC_WARN_UNDECLARED_SELECTOR = YES;
				GCC_WARN_UNINITIALIZED_AUTOS = YES_AGGRESSIVE;
				GCC_WARN_UNUSED_FUNCTION = YES;
				GCC_WARN_UNUSED_VARIABLE = YES;
				IPHONEOS_DEPLOYMENT_TARGET = 26.2;
				LOCALIZATION_PREFERS_STRING_CATALOGS = YES;
				MTL_ENABLE_DEBUG_INFO = NO;
				MTL_FAST_MATH = YES;
				SDKROOT = iphoneos;
				SWIFT_COMPILATION_MODE = wholemodule;
				VALIDATE_PRODUCT = YES;
			};
			name = Release;
		};
		69424C5F2F11666B0072A033 /* Debug configuration for PBXNativeTarget "bezdna" */ = {
			isa = XCBuildConfiguration;
			buildSettings = {
				ASSETCATALOG_COMPILER_APPICON_NAME = AppIcon;
				ASSETCATALOG_COMPILER_GLOBAL_ACCENT_COLOR_NAME = AccentColor;
				CODE_SIGN_STYLE = Automatic;
				CURRENT_PROJECT_VERSION = 1;
				DEVELOPMENT_TEAM = V83UBNBP3G;
				ENABLE_PREVIEWS = YES;
				GENERATE_INFOPLIST_FILE = YES;
				INFOPLIST_KEY_LSApplicationCategoryType = "public.app-category.social-networking";
				INFOPLIST_KEY_UIApplicationSceneManifest_Generation = YES;
				INFOPLIST_KEY_UIApplicationSupportsIndirectInputEvents = YES;
				INFOPLIST_KEY_UILaunchScreen_Generation = YES;
				INFOPLIST_KEY_UISupportedInterfaceOrientations = UIInterfaceOrientationPortrait;
				INFOPLIST_KEY_UISupportedInterfaceOrientations_iPad = "UIInterfaceOrientationLandscapeLeft UIInterfaceOrientationLandscapeRight UIInterfaceOrientationPortrait UIInterfaceOrientationPortraitUpsideDown";
				IPHONEOS_DEPLOYMENT_TARGET = 17.6;
				LD_RUNPATH_SEARCH_PATHS = (
					"$(inherited)",
					"@executable_path/Frameworks",
				);
				MARKETING_VERSION = 1.0;
				PRODUCT_BUNDLE_IDENTIFIER = app.bezdna.app;
				PRODUCT_NAME = "$(TARGET_NAME)";
				STRING_CATALOG_GENERATE_SYMBOLS = YES;
				SUPPORTED_PLATFORMS = "iphoneos iphonesimulator";
				SUPPORTS_MACCATALYST = NO;
				SUPPORTS_MAC_DESIGNED_FOR_IPHONE_IPAD = NO;
				SUPPORTS_XR_DESIGNED_FOR_IPHONE_IPAD = NO;
				SWIFT_APPROACHABLE_CONCURRENCY = YES;
				SWIFT_DEFAULT_ACTOR_ISOLATION = MainActor;
				SWIFT_EMIT_LOC_STRINGS = YES;
				SWIFT_UPCOMING_FEATURE_MEMBER_IMPORT_VISIBILITY = YES;
				SWIFT_VERSION = 5.0;
				TARGETED_DEVICE_FAMILY = 1;
			};
			name = Debug;
		};
		69424C602F11666B0072A033 /* Release configuration for PBXNativeTarget "bezdna" */ = {
			isa = XCBuildConfiguration;
			buildSettings = {
				ASSETCATALOG_COMPILER_APPICON_NAME = AppIcon;
				ASSETCATALOG_COMPILER_GLOBAL_ACCENT_COLOR_NAME = AccentColor;
				CODE_SIGN_STYLE = Automatic;
				CURRENT_PROJECT_VERSION = 1;
				DEVELOPMENT_TEAM = V83UBNBP3G;
				ENABLE_PREVIEWS = YES;
				GENERATE_INFOPLIST_FILE = YES;
				INFOPLIST_KEY_LSApplicationCategoryType = "public.app-category.social-networking";
				INFOPLIST_KEY_UIApplicationSceneManifest_Generation = YES;
				INFOPLIST_KEY_UIApplicationSupportsIndirectInputEvents = YES;
				INFOPLIST_KEY_UILaunchScreen_Generation = YES;
				INFOPLIST_KEY_UISupportedInterfaceOrientations = UIInterfaceOrientationPortrait;
				INFOPLIST_KEY_UISupportedInterfaceOrientations_iPad = "UIInterfaceOrientationLandscapeLeft UIInterfaceOrientationLandscapeRight UIInterfaceOrientationPortrait UIInterfaceOrientationPortraitUpsideDown";
				IPHONEOS_DEPLOYMENT_TARGET = 17.6;
				LD_RUNPATH_SEARCH_PATHS = (
					"$(inherited)",
					"@executable_path/Frameworks",
				);
				MARKETING_VERSION = 1.0;
				PRODUCT_BUNDLE_IDENTIFIER = app.bezdna.app;
				PRODUCT_NAME = "$(TARGET_NAME)";
				STRING_CATALOG_GENERATE_SYMBOLS = YES;
				SUPPORTED_PLATFORMS = "iphoneos iphonesimulator";
				SUPPORTS_MACCATALYST = NO;
				SUPPORTS_MAC_DESIGNED_FOR_IPHONE_IPAD = NO;
				SUPPORTS_XR_DESIGNED_FOR_IPHONE_IPAD = NO;
				SWIFT_APPROACHABLE_CONCURRENCY = YES;
				SWIFT_DEFAULT_ACTOR_ISOLATION = MainActor;
				SWIFT_EMIT_LOC_STRINGS = YES;
				SWIFT_UPCOMING_FEATURE_MEMBER_IMPORT_VISIBILITY = YES;
				SWIFT_VERSION = 5.0;
				TARGETED_DEVICE_FAMILY = 1;
			};
			name = Release;
		};
		69424C622F11666B0072A033 /* Debug configuration for PBXNativeTarget "bezdnaTests" */ = {
			isa = XCBuildConfiguration;
			buildSettings = {
				BUNDLE_LOADER = "$(TEST_HOST)";
				CODE_SIGN_STYLE = Automatic;
				CURRENT_PROJECT_VERSION = 1;
				DEVELOPMENT_TEAM = V83UBNBP3G;
				GENERATE_INFOPLIST_FILE = YES;
				IPHONEOS_DEPLOYMENT_TARGET = 17.6;
				MARKETING_VERSION = 1.0;
				PRODUCT_BUNDLE_IDENTIFIER = app.bezdna.app.tests;
				PRODUCT_NAME = "$(TARGET_NAME)";
				STRING_CATALOG_GENERATE_SYMBOLS = NO;
				SUPPORTED_PLATFORMS = "iphoneos iphonesimulator";
				SUPPORTS_MACCATALYST = NO;
				SUPPORTS_MAC_DESIGNED_FOR_IPHONE_IPAD = NO;
				SUPPORTS_XR_DESIGNED_FOR_IPHONE_IPAD = NO;
				SWIFT_APPROACHABLE_CONCURRENCY = YES;
				SWIFT_EMIT_LOC_STRINGS = NO;
				SWIFT_UPCOMING_FEATURE_MEMBER_IMPORT_VISIBILITY = YES;
				SWIFT_VERSION = 5.0;
				TARGETED_DEVICE_FAMILY = 1;
				TEST_HOST = "$(BUILT_PRODUCTS_DIR)/bezdna.app/$(BUNDLE_EXECUTABLE_FOLDER_PATH)/bezdna";
			};
			name = Debug;
		};
		69424C632F11666B0072A033 /* Release configuration for PBXNativeTarget "bezdnaTests" */ = {
			isa = XCBuildConfiguration;
			buildSettings = {
				BUNDLE_LOADER = "$(TEST_HOST)";
				CODE_SIGN_STYLE = Automatic;
				CURRENT_PROJECT_VERSION = 1;
				DEVELOPMENT_TEAM = V83UBNBP3G;
				GENERATE_INFOPLIST_FILE = YES;
				IPHONEOS_DEPLOYMENT_TARGET = 17.6;
				MARKETING_VERSION = 1.0;
				PRODUCT_BUNDLE_IDENTIFIER = app.bezdna.app.tests;
				PRODUCT_NAME = "$(TARGET_NAME)";
				STRING_CATALOG_GENERATE_SYMBOLS = NO;
				SUPPORTED_PLATFORMS = "iphoneos iphonesimulator";
				SUPPORTS_MACCATALYST = NO;
				SUPPORTS_MAC_DESIGNED_FOR_IPHONE_IPAD = NO;
				SUPPORTS_XR_DESIGNED_FOR_IPHONE_IPAD = NO;
				SWIFT_APPROACHABLE_CONCURRENCY = YES;
				SWIFT_EMIT_LOC_STRINGS = NO;
				SWIFT_UPCOMING_FEATURE_MEMBER_IMPORT_VISIBILITY = YES;
				SWIFT_VERSION = 5.0;
				TARGETED_DEVICE_FAMILY = 1;
				TEST_HOST = "$(BUILT_PRODUCTS_DIR)/bezdna.app/$(BUNDLE_EXECUTABLE_FOLDER_PATH)/bezdna";
			};
			name = Release;
		};
		69424C652F11666B0072A033 /* Debug configuration for PBXNativeTarget "bezdnaUITests" */ = {
			isa = XCBuildConfiguration;
			buildSettings = {
				CODE_SIGN_STYLE = Automatic;
				CURRENT_PROJECT_VERSION = 1;
				DEVELOPMENT_TEAM = V83UBNBP3G;
				GENERATE_INFOPLIST_FILE = YES;
				IPHONEOS_DEPLOYMENT_TARGET = 17.6;
				MARKETING_VERSION = 1.0;
				PRODUCT_BUNDLE_IDENTIFIER = app.bezdna.app.tests.ui;
				PRODUCT_NAME = "$(TARGET_NAME)";
				STRING_CATALOG_GENERATE_SYMBOLS = NO;
				SUPPORTED_PLATFORMS = "iphoneos iphonesimulator";
				SUPPORTS_MACCATALYST = NO;
				SUPPORTS_MAC_DESIGNED_FOR_IPHONE_IPAD = NO;
				SUPPORTS_XR_DESIGNED_FOR_IPHONE_IPAD = NO;
				SWIFT_APPROACHABLE_CONCURRENCY = YES;
				SWIFT_EMIT_LOC_STRINGS = NO;
				SWIFT_UPCOMING_FEATURE_MEMBER_IMPORT_VISIBILITY = YES;
				SWIFT_VERSION = 5.0;
				TARGETED_DEVICE_FAMILY = 1;
				TEST_TARGET_NAME = bezdna;
			};
			name = Debug;
		};
		69424C662F11666B0072A033 /* Release configuration for PBXNativeTarget "bezdnaUITests" */ = {
			isa = XCBuildConfiguration;
			buildSettings = {
				CODE_SIGN_STYLE = Automatic;
				CURRENT_PROJECT_VERSION = 1;
				DEVELOPMENT_TEAM = V83UBNBP3G;
				GENERATE_INFOPLIST_FILE = YES;
				IPHONEOS_DEPLOYMENT_TARGET = 17.6;
				MARKETING_VERSION = 1.0;
				PRODUCT_BUNDLE_IDENTIFIER = app.bezdna.app.tests.ui;
				PRODUCT_NAME = "$(TARGET_NAME)";
				STRING_CATALOG_GENERATE_SYMBOLS = NO;
				SUPPORTED_PLATFORMS = "iphoneos iphonesimulator";
				SUPPORTS_MACCATALYST = NO;
				SUPPORTS_MAC_DESIGNED_FOR_IPHONE_IPAD = NO;
				SUPPORTS_XR_DESIGNED_FOR_IPHONE_IPAD = NO;
				SWIFT_APPROACHABLE_CONCURRENCY = YES;
				SWIFT_EMIT_LOC_STRINGS = NO;
				SWIFT_UPCOMING_FEATURE_MEMBER_IMPORT_VISIBILITY = YES;
				SWIFT_VERSION = 5.0;
				TARGETED_DEVICE_FAMILY = 1;
				TEST_TARGET_NAME = bezdna;
			};
			name = Release;
		};
/* End XCBuildConfiguration section */

/* Begin XCConfigurationList section */
		69424C382F1166690072A033 /* Build configuration list for PBXProject "bezdna" */ = {
			isa = XCConfigurationList;
			buildConfigurations = (
				69424C5C2F11666B0072A033 /* Debug configuration for PBXProject "bezdna" */,
				69424C5D2F11666B0072A033 /* Release configuration for PBXProject "bezdna" */,
			);
			defaultConfigurationName = Release;
		};
		69424C5E2F11666B0072A033 /* Build configuration list for PBXNativeTarget "bezdna" */ = {
			isa = XCConfigurationList;
			buildConfigurations = (
				69424C5F2F11666B0072A033 /* Debug configuration for PBXNativeTarget "bezdna" */,
				69424C602F11666B0072A033 /* Release configuration for PBXNativeTarget "bezdna" */,
			);
			defaultConfigurationName = Release;
		};
		69424C612F11666B0072A033 /* Build configuration list for PBXNativeTarget "bezdnaTests" */ = {
			isa = XCConfigurationList;
			buildConfigurations = (
				69424C622F11666B0072A033 /* Debug configuration for PBXNativeTarget "bezdnaTests" */,
				69424C632F11666B0072A033 /* Release configuration for PBXNativeTarget "bezdnaTests" */,
			);
			defaultConfigurationName = Release;
		};
		69424C642F11666B0072A033 /* Build configuration list for PBXNativeTarget "bezdnaUITests" */ = {
			isa = XCConfigurationList;
			buildConfigurations = (
				69424C652F11666B0072A033 /* Debug configuration for PBXNativeTarget "bezdnaUITests" */,
				69424C662F11666B0072A033 /* Release configuration for PBXNativeTarget "bezdnaUITests" */,
			);
			defaultConfigurationName = Release;
		};
/* End XCConfigurationList section */
	};
	rootObject = 69424C352F1166690072A033 /* Project object */;
}
